
Microsoft Visual Studio Solution File, Format Version 12.00
# Visual Studio Version 17
VisualStudioVersion = 17.9.34616.47
MinimumVisualStudioVersion = 10.0.40219.1
Project("{FAE04EC0-301F-11D3-BF4B-00C04F79EFBC}") = "EmployeeApiProject", "EmployeeApiProject\EmployeeApiProject.csproj", "{36CB0C74-4B10-4739-B266-3D2F76686EAA}"
EndProject
Global
	GlobalSection(SolutionConfigurationPlatforms) = preSolution
		Debug|Any CPU = Debug|Any CPU
		Release|Any CPU = Release|Any CPU
	EndGlobalSection
	GlobalSection(ProjectConfigurationPlatforms) = postSolution
		{36CB0C74-4B10-4739-B266-3D2F76686EAA}.Debug|Any CPU.ActiveCfg = Debug|Any CPU
		{36CB0C74-4B10-4739-B266-3D2F76686EAA}.Debug|Any CPU.Build.0 = Debug|Any CPU
		{36CB0C74-4B10-4739-B266-3D2F76686EAA}.Release|Any CPU.ActiveCfg = Release|Any CPU
		{36CB0C74-4B10-4739-B266-3D2F76686EAA}.Release|Any CPU.Build.0 = Release|Any CPU
	EndGlobalSection
	GlobalSection(SolutionProperties) = preSolution
		HideSolutionNode = FALSE
	EndGlobalSection
	GlobalSection(ExtensibilityGlobals) = postSolution
		SolutionGuid = {D1198732-CE47-4B4E-935D-B89C05CA7550}
	EndGlobalSection
EndGlobal
